{
  "format": 1,
  "program_commitment": "9cb48e96777f625671f33e704e22e105d0c04d796f1008c843d4b31af9b8f25f",
  "tiles": {
    "begin_greeting": {
      "image_id": "6cf53ff323633eba7f96a4054285fc8b31f9792db278965e0292412fb0d758ba",
      "source_hash": "5c9ede1872f3f1e50000000000002468"
    },
    "build_greeting": {
      "image_id": "bd42c0232b0cd5589fa86a87f038fd6f8b3ad8018d57ea9ceaa9ed5f6c92f825",
      "source_hash": "5c9ede1872f3f1e50000000000002468"
    },
    "build_limited_recur_greeting": {
      "image_id": "ddb63e9ccba809b28ec160baa2626fef6a598fb3fa3b63f27a9879bbcde9fcbf",
      "source_hash": "5c9ede1872f3f1e50000000000002468"
    },
    "build_recur_draft_greeting": {
      "image_id": "98a08c3c694997ee261b548bfb8671e17f5e5a9413ed272e35b8d4d080777ef5",
      "source_hash": "5c9ede1872f3f1e50000000000002468"
    },
    "collect_line_chunk": {
      "image_id": "e3aaee556cf0ffaa454180df628a0f29c865598e98feeb9a1ac20fc695af1e89",
      "source_hash": "5c9ede1872f3f1e50000000000002468"
    },
    "compute_recur_max_line_len": {
      "image_id": "0c0668f099644e8f4ef2d27fc16830e2dd6f8df225561044cc8a1adfa5eee81c",
      "source_hash": "5c9ede1872f3f1e50000000000002468"
    },
    "concat_messages": {
      "image_id": "9f371a2c18978a705b43ea302f2a9e1f2d80fda1aa5d6486211ff8808f099580",
      "source_hash": "5c9ede1872f3f1e50000000000002468"
    },
    "count_to": {
      "image_id": "5caf12c9a1c3df400317c7444df7959d910e242712b733b0c0f92ea17ba2d1d0",
      "source_hash": "5c9ede1872f3f1e50000000000002468"
    },
    "current_wish": {
      "image_id": "463e38a02cd946e25d0bddd2bbe99d078ee5e3d21656be86eb2d47a0b7849838",
      "source_hash": "5c9ede1872f3f1e50000000000002468"
    },
    "decorate_address_line": {
      "image_id": "2de95ab38eeae3fd5968c9c23df631d54989439f34c6b33ae6cdfdaf0939e37e",
      "source_hash": "5c9ede1872f3f1e50000000000002468"
    },
    "exclaim": {
      "image_id": "179fb8e921ec27efa8238a5875359b67a6bdf44f0d2df35ea87015fe79b05489",
      "source_hash": "5c9ede1872f3f1e50000000000002468"
    },
    "fibonacci": {
      "image_id": "1c083625c293489f7ddb37bac4e6a5b3a66668130657651a6093d07f89b19d15",
      "source_hash": "5c9ede1872f3f1e50000000000002468"
    },
    "greet": {
      "image_id": "e135f98b32f9ba63d8a9dd4d26a91c4cd54a426cbf1b3f20a0813f200ae2d10a",
      "source_hash": "5c9ede1872f3f1e50000000000002468"
    },
    "greet_address_line": {
      "image_id": "bac9f4ba4e187c3c54164ca13cf37ca47b8fe75c7373cec552c6c03b737214f6",
      "source_hash": "5c9ede1872f3f1e50000000000002468"
    },
    "join_address_lines": {
      "image_id": "f17e60eb3da5ff769e413ccc347a641429fa5aacee626128e5995e88329a7b94",
      "source_hash": "5c9ede1872f3f1e50000000000002468"
    },
    "maybe_echo_name": {
      "image_id": "0c0d929542a66c1c92dc9293471ce6d67ce6a476968dd642b075c1d25df14613",
      "source_hash": "5c9ede1872f3f1e50000000000002468"
    },
    "personal_greet": {
      "image_id": "45bdf9a99c227c500777fbbbbcf5b12ad0c6fbfd43fbb6b68d6dd3c696186d1e",
      "source_hash": "5c9ede1872f3f1e50000000000002468"
    },
    "personal_greet_from_object": {
      "image_id": "c54ecd451ad853017a1bf5672a5a102d64a08419efe24009408ebf4bf81799fb",
      "source_hash": "5c9ede1872f3f1e50000000000002468"
    },
    "personal_greet_with_seed": {
      "image_id": "3eaaa5c5b306f9b8c58ce9f9e472178de79787c051c8a251b3e960b4852e246e",
      "source_hash": "5c9ede1872f3f1e50000000000002468"
    },
    "push_draft_greeting_line": {
      "image_id": "1a578ba872615bc77cfa108e4c07d689648240d898b479e6e18130618cbd6e13",
      "source_hash": "5c9ede1872f3f1e50000000000002468"
    },
    "raster_wish": {
      "image_id": "c35eec81c73d259337ef018d5de88e2ff8d21f30c6abd55371758a1717f2c78d",
      "source_hash": "5c9ede1872f3f1e50000000000002468"
    }
  },
  "toolchain": {
    "risc0": "risc0-zkvm-1.2",
    "build_mode": "local"
  }
}
