{
  "format": 1,
  "program_commitment": "e5cac857060a95ea3108f341775fd68049ffabfa1b3b890c03765adb611f1ca1",
  "tiles": {
    "build_limited_recur_greeting": {
      "image_id": "3e799e66ad92a97d27be9a481d3ecf1a4baec9e3448e48fe743012cf990cd70c",
      "source_hash": "27567e4f00021d400000000000002156"
    },
    "build_recur_draft_greeting": {
      "image_id": "3673347ca2125fe42bbd0dcfba0829b05680d1a520459afe589c0050fd31f001",
      "source_hash": "27567e4f00021d400000000000002156"
    },
    "collect_line_chunk": {
      "image_id": "b0a710b7f62788ee1320cbacca662faef867b99b3af01c34c29c09965e8b5705",
      "source_hash": "27567e4f00021d400000000000002156"
    },
    "compute_recur_max_line_len": {
      "image_id": "4b66f0e0307ec8f56a20e55168bba9d6b626acc280e1e711a78d47cb65722b68",
      "source_hash": "27567e4f00021d400000000000002156"
    },
    "concat_messages": {
      "image_id": "aa619c9acdcedd51c7cca59a64c572ab4871ab9adbc5214199195368da6638cb",
      "source_hash": "27567e4f00021d400000000000002156"
    },
    "count_to": {
      "image_id": "02f6d1b2697c59b1fef2c72c5e298639fb61f5fe6035c2f5babc7a79f0520e55",
      "source_hash": "27567e4f00021d400000000000002156"
    },
    "current_wish": {
      "image_id": "416f469927dae9e6edb0ef8debccdb182a3af174541cee3c76704f1c395243c9",
      "source_hash": "27567e4f00021d400000000000002156"
    },
    "decorate_address_line": {
      "image_id": "d9ba2785c2344fa342e75d21651030a14def10571d6bce72ba1fbe38a56282c1",
      "source_hash": "27567e4f00021d400000000000002156"
    },
    "exclaim": {
      "image_id": "2211e6df2216d108b4a28489446d259e881d10e16badcb4c6c429585efca8cc5",
      "source_hash": "27567e4f00021d400000000000002156"
    },
    "fibonacci": {
      "image_id": "02662d9f4d837a4aa25a7da1d5ce48b9ac54881e1607b776e1c037724f2ed3e8",
      "source_hash": "27567e4f00021d400000000000002156"
    },
    "greet": {
      "image_id": "360dfd6c2b04ba0a5fc560d276fdb725fcc644b83088636e9a8272ad3b3885fa",
      "source_hash": "27567e4f00021d400000000000002156"
    },
    "greet_address_line": {
      "image_id": "8ce124d092ca8223c235144012657ef8f92fcea136e7c22a49d7137400b4921c",
      "source_hash": "27567e4f00021d400000000000002156"
    },
    "join_address_lines": {
      "image_id": "d84787342f7345b4b6347b17ac8c7c22fbc630a8e031a38acf5e8757a509ca43",
      "source_hash": "27567e4f00021d400000000000002156"
    },
    "maybe_echo_name": {
      "image_id": "db01741950686edb4e44ebae12e526b04b71b2cb2202c0ae404b6c0921cb3e57",
      "source_hash": "27567e4f00021d400000000000002156"
    },
    "personal_greet": {
      "image_id": "cb319bf841021c741015592af2e15f0e8589463657115d0b58904070f9a73692",
      "source_hash": "27567e4f00021d400000000000002156"
    },
    "personal_greet_from_object": {
      "image_id": "d154e3d68782fc33656c88bbd1789b2db98705e8e04e36ac3c14bed6008dcc70",
      "source_hash": "27567e4f00021d400000000000002156"
    },
    "personal_greet_with_seed": {
      "image_id": "1da943ab7d169f571d7f0dce1e799595d9b4f7881940209e6a5476a4e90f900b",
      "source_hash": "27567e4f00021d400000000000002156"
    },
    "push_draft_greeting_line": {
      "image_id": "c8ffc6779e5fd0d66293940b267bc25cc1f3b679ee0b21c0c90876e9b0c024dc",
      "source_hash": "27567e4f00021d400000000000002156"
    },
    "raster_wish": {
      "image_id": "d6e508d0800e42cbbdb4eac5c56d4a5c7225600da5937d5ea4f7469a8aad58c2",
      "source_hash": "27567e4f00021d400000000000002156"
    },
    "set_draft_greeting_title": {
      "image_id": "1cf30569e439a8e4769be3d46a809f862862ea48da39d5099ad9a13d6504d6c5",
      "source_hash": "27567e4f00021d400000000000002156"
    }
  },
  "toolchain": {
    "risc0": "risc0-zkvm-1.2",
    "build_mode": "local"
  }
}
