{
  "format": 1,
  "program_commitment": "f052a30e97504fb574cefd74a2798a097ba09d3308778973b248252807792e6c",
  "tiles": {
    "keep_above": {
      "image_id": "af6e18ea838708c560f58cddd4af35a774a03c77ea5c0362a67d96b6a279aa11",
      "source_hash": "bb17536ecd435a520000000000000749"
    }
  },
  "toolchain": {
    "risc0": "risc0-zkvm-1.2",
    "build_mode": "local"
  }
}
