{
  "format": 1,
  "program_commitment": "fdc70e0ee7b53df12ab5987fcef050daa9f2dea30a3b8980d3e698566bfdecdc",
  "tiles": {
    "keep_above": {
      "image_id": "9afd72567088bbd0c957d178936747c2ae1c2262b78be72eb80ee420b3a4eea2",
      "source_hash": "bb17536ecd435a520000000000000749"
    }
  },
  "toolchain": {
    "risc0": "risc0-zkvm-1.2",
    "build_mode": "local"
  }
}
