{
  "format": 1,
  "program_commitment": "9e70d1c93e750310e676a3d025473bd97ae7cae1d59be80ef71051c8f12bca7c",
  "tiles": {
    "keep_above": {
      "image_id": "822e821330a6c6b6cf787c3f602f9331b144c5177c61c9999f3031f083726531",
      "source_hash": "bb17536ecd435a520000000000000749"
    }
  },
  "toolchain": {
    "risc0": "risc0-zkvm-1.2",
    "build_mode": "local"
  }
}
