{
  "format": 1,
  "program_commitment": "b969f8e83ceb1cd87de2b51906657ad0ba9205df28a21065f9ce0072f9643540",
  "tiles": {
    "mean_scaled": {
      "image_id": "28e32b2e9550eee8d4a3a00548cd9bc79d477054aa0a5cc4bd978ce720eb9a13",
      "source_hash": "9513a10179eb73d80000000000000a80"
    },
    "push_mean": {
      "image_id": "f58a0e26591be8f7cf5ffc6603612daba3cd982980ccc6dc17b46e768110a32f",
      "source_hash": "9513a10179eb73d80000000000000a80"
    },
    "push_metric": {
      "image_id": "40338eca7db7db978ad353a89689856719b15937cf9c0227efe240ea8cb6d7d9",
      "source_hash": "9513a10179eb73d80000000000000a80"
    },
    "set_report_title": {
      "image_id": "3189df95e36180e44ae442aae120fa03182baaf3b416b043ba33a03958f06146",
      "source_hash": "9513a10179eb73d80000000000000a80"
    }
  },
  "toolchain": {
    "risc0": "risc0-zkvm-1.2",
    "build_mode": "local"
  }
}
