{
  "format": 1,
  "program_commitment": "018568988027979b901220dd73c92ddc9c20fa815899ebbfd3a7eba31460afac",
  "tiles": {
    "build_report": {
      "image_id": "ca20738145e06e7539c3249a4f3644a0c479c1de9c5750b770e1556719ac0b78",
      "source_hash": "d7d8653fcece18c10000000000000a76"
    },
    "mean_scaled": {
      "image_id": "212b04ac8cd68f3db3077c8d6bcdc189b9604b076838d2ec5a61d44ff6248863",
      "source_hash": "d7d8653fcece18c10000000000000a76"
    }
  },
  "toolchain": {
    "risc0": "risc0-zkvm-1.2",
    "build_mode": "local"
  }
}
