{
  "format": 1,
  "program_commitment": "7986179b4c2bc91ddecd2e9303d764fb0a12a7732cd51727d1efdfe1db9c83e8",
  "tiles": {
    "mean_scaled": {
      "image_id": "d30ca11793e0b76181bcf246ba73091bc03f4566f60957132f662a6a0876088d",
      "source_hash": "9513a10179eb73d80000000000000a80"
    },
    "push_mean": {
      "image_id": "3e731be325ccc4743ebbe2d6d3e05517737ffc2b139325ea9018911c0f947321",
      "source_hash": "9513a10179eb73d80000000000000a80"
    },
    "push_metric": {
      "image_id": "0a7015b6ae81aabfc7d8bd5ee52e42d428f93b45ad06c72bbbf065258cdb747c",
      "source_hash": "9513a10179eb73d80000000000000a80"
    },
    "set_report_title": {
      "image_id": "6d8ce668a71fb80b6b83e155cad4393b3812f6bc28c90aa845d2bd9a89d7ad30",
      "source_hash": "9513a10179eb73d80000000000000a80"
    }
  },
  "toolchain": {
    "risc0": "risc0-zkvm-1.2",
    "build_mode": "local"
  }
}
