{
  "format": 1,
  "program_commitment": "c8ff831b9bbb27203bdfb05f76c2fb11b752c419baeedcb22a828d0c0efac050",
  "tiles": {
    "assemble_stats": {
      "image_id": "53cb5c90a14067b0f8ebf222661dac2d4808c4a5303e75b414e84ba19fdfea51",
      "source_hash": "ed9e55e4bce873d10000000000000853"
    },
    "fold_stats": {
      "image_id": "915d37283c9d41a5afad7606d5dbc7b30ac0d60d3f408bafcf2e8564c0697481",
      "source_hash": "ed9e55e4bce873d10000000000000853"
    }
  },
  "toolchain": {
    "risc0": "risc0-zkvm-1.2",
    "build_mode": "local"
  }
}
