{
  "format": 1,
  "program_commitment": "1cc9c2bf18e83fe6f0acc6e671d02893295da7335b1b329c1249afc19c4371c1",
  "tiles": {
    "assemble_stats": {
      "image_id": "bf0169cb17d255bf83b69dd502a59d16c822a71a07a0ec990030a42824c81428",
      "source_hash": "ed9e55e4bce873d10000000000000853"
    },
    "fold_stats": {
      "image_id": "b3c3065a35e26312d797b3d2f3532f953348cd2e81d5621054daab801ea0074e",
      "source_hash": "ed9e55e4bce873d10000000000000853"
    }
  },
  "toolchain": {
    "risc0": "risc0-zkvm-1.2",
    "build_mode": "local"
  }
}
