{
  "format": 1,
  "program_commitment": "58158b87d75bd693c78514a58c3d383a5f02eeaaef5f79924fff8b7f4c8972cb",
  "tiles": {
    "assemble_stats": {
      "image_id": "553d9164853cb666dc0604bdfa4c159900063a6337dae0487c9b7812757ded2a",
      "source_hash": "ed9e55e4bce873d10000000000000853"
    },
    "fold_stats": {
      "image_id": "8275f2dc3006818ed34f7d1d7ff6d66d49cb2592edc447ebb9ae9559b3923e20",
      "source_hash": "ed9e55e4bce873d10000000000000853"
    }
  },
  "toolchain": {
    "risc0": "risc0-zkvm-1.2",
    "build_mode": "local"
  }
}
