{
  "format": 1,
  "program_commitment": "e01c7c312f2bf0fa4763a8e83b2fa3e686836216669034fd60cfd0479fce833d",
  "tiles": {
    "plan_steps": {
      "image_id": "0b9b4025f77453f9113170d6e03118956749fb61892ac0a56546c1d3038d9091",
      "source_hash": "0ab58f5a69710ff90000000000000374"
    }
  },
  "toolchain": {
    "risc0": "risc0-zkvm-1.2",
    "build_mode": "local"
  }
}
