{
  "format": 1,
  "program_commitment": "e556056ac19c6f739efe0e7ba36cbfc1be505235f357eb32a10eacc9e4586c21",
  "tiles": {
    "plan_steps": {
      "image_id": "1a685fe7d5ecbddd2a41841d7088a51c32e835e46e7637594768f5932790bcea",
      "source_hash": "0ab58f5a69710ff90000000000000374"
    }
  },
  "toolchain": {
    "risc0": "risc0-zkvm-1.2",
    "build_mode": "local"
  }
}
