{
  "format": 1,
  "program_commitment": "5c508ed8b54c9c4209af6b9b9b31f7509461c7a210c905afed7152f28f8c95b3",
  "tiles": {
    "advance": {
      "image_id": "4680f5c2b7892077ef3a646f31e25b93cdfbdadc9981afa10384cc08b492408e",
      "source_hash": "1b168d132b03f3eb0000000000000245"
    }
  },
  "toolchain": {
    "risc0": "risc0-zkvm-1.2",
    "build_mode": "local"
  }
}
