{
  "format": 1,
  "program_commitment": "037ae34d215180fd034703fa762d913000b6cebb73844523432479aaf709703f",
  "tiles": {
    "advance": {
      "image_id": "e0d5e26a8212af4e0334da8ee8c095f9597722f2e24f97e84eda9f590187bd59",
      "source_hash": "1b168d132b03f3eb0000000000000245"
    }
  },
  "toolchain": {
    "risc0": "risc0-zkvm-1.2",
    "build_mode": "local"
  }
}
