{
  "format": 1,
  "program_commitment": "2f4d45d88d1fb874bbbeee0fdaba9704e534a308c748b78cd58bfd16491780f0",
  "tiles": {
    "advance": {
      "image_id": "72e3b3156bcebb3ef1b4efff325ae4ddbf3eef2052a029bb4927e45748e88be7",
      "source_hash": "1b168d132b03f3eb0000000000000245"
    }
  },
  "toolchain": {
    "risc0": "risc0-zkvm-1.2",
    "build_mode": "local"
  }
}
